
Microsoft Visual Studio Solution File, Format Version 12.00
# Visual Studio Version 17
VisualStudioVersion = 17.5.002.0
MinimumVisualStudioVersion = 10.0.40219.1
Project("{9A19103F-16F7-4668-BE54-9A1E7A4F7556}") = "my-life-data", "my-life-data.csproj", "{1AAF702B-583D-424F-8BF8-17695593747E}"
EndProject
Global
	GlobalSection(SolutionConfigurationPlatforms) = preSolution
		Debug|Any CPU = Debug|Any CPU
		Release|Any CPU = Release|Any CPU
	EndGlobalSection
	GlobalSection(ProjectConfigurationPlatforms) = postSolution
		{1AAF702B-583D-424F-8BF8-17695593747E}.Debug|Any CPU.ActiveCfg = Debug|Any CPU
		{1AAF702B-583D-424F-8BF8-17695593747E}.Debug|Any CPU.Build.0 = Debug|Any CPU
		{1AAF702B-583D-424F-8BF8-17695593747E}.Release|Any CPU.ActiveCfg = Release|Any CPU
		{1AAF702B-583D-424F-8BF8-17695593747E}.Release|Any CPU.Build.0 = Release|Any CPU
	EndGlobalSection
	GlobalSection(SolutionProperties) = preSolution
		HideSolutionNode = FALSE
	EndGlobalSection
	GlobalSection(ExtensibilityGlobals) = postSolution
		SolutionGuid = {86A39F4D-CD52-4857-B17F-8740E954EB48}
	EndGlobalSection
EndGlobal
